
Microsoft Visual Studio Solution File, Format Version 12.00
# Visual Studio Version 17
VisualStudioVersion = 17.0.32014.148
MinimumVisualStudioVersion = 10.0.40219.1
Project("{9A19103F-16F7-4668-BE54-9A1E7A4F7556}") = "header-caching-issue", "header-caching-issue.csproj", "{5B1D4F1B-1ECA-4E6E-8564-ABD0A4538162}"
EndProject
Global
	GlobalSection(SolutionConfigurationPlatforms) = preSolution
		Debug|Any CPU = Debug|Any CPU
		Release|Any CPU = Release|Any CPU
	EndGlobalSection
	GlobalSection(ProjectConfigurationPlatforms) = postSolution
		{5B1D4F1B-1ECA-4E6E-8564-ABD0A4538162}.Debug|Any CPU.ActiveCfg = Debug|Any CPU
		{5B1D4F1B-1ECA-4E6E-8564-ABD0A4538162}.Debug|Any CPU.Build.0 = Debug|Any CPU
		{5B1D4F1B-1ECA-4E6E-8564-ABD0A4538162}.Release|Any CPU.ActiveCfg = Release|Any CPU
		{5B1D4F1B-1ECA-4E6E-8564-ABD0A4538162}.Release|Any CPU.Build.0 = Release|Any CPU
	EndGlobalSection
	GlobalSection(SolutionProperties) = preSolution
		HideSolutionNode = FALSE
	EndGlobalSection
	GlobalSection(ExtensibilityGlobals) = postSolution
		SolutionGuid = {8AF291FC-58CA-4CBF-B303-C6EF34054AD2}
	EndGlobalSection
EndGlobal
